
Microsoft Visual Studio Solution File, Format Version 12.00
# Visual Studio 2015
Project("{FAE04EC0-301F-11D3-BF4B-00C04F79EFBC}") = "space.CSharp.Plugins", "space.CSharp.Plugins.csproj", "{D2F2116F-6E65-7136-9E64-CB6372F8303B}"
EndProject
Project("{FAE04EC0-301F-11D3-BF4B-00C04F79EFBC}") = "space.CSharp", "space.CSharp.csproj", "{0CF56D35-16B9-69B7-A1BF-8C145A8B4224}"
EndProject
Project("{FAE04EC0-301F-11D3-BF4B-00C04F79EFBC}") = "space.CSharp.Editor.Plugins", "space.CSharp.Editor.Plugins.csproj", "{F39AB049-8605-25CB-D1C3-963E2B73D11F}"
EndProject
Project("{FAE04EC0-301F-11D3-BF4B-00C04F79EFBC}") = "space.CSharp.Editor", "space.CSharp.Editor.csproj", "{9671626D-5743-4EBA-724F-A41E00B27319}"
EndProject
Global
	GlobalSection(SolutionConfigurationPlatforms) = preSolution
		Debug|Any CPU = Debug|Any CPU
		Release|Any CPU = Release|Any CPU
	EndGlobalSection
	GlobalSection(ProjectConfigurationPlatforms) = postSolution
		{D2F2116F-6E65-7136-9E64-CB6372F8303B}.Debug|Any CPU.ActiveCfg = Debug|Any CPU
		{D2F2116F-6E65-7136-9E64-CB6372F8303B}.Debug|Any CPU.Build.0 = Debug|Any CPU
		{D2F2116F-6E65-7136-9E64-CB6372F8303B}.Release|Any CPU.ActiveCfg = Release|Any CPU
		{D2F2116F-6E65-7136-9E64-CB6372F8303B}.Release|Any CPU.Build.0 = Release|Any CPU
		{0CF56D35-16B9-69B7-A1BF-8C145A8B4224}.Debug|Any CPU.ActiveCfg = Debug|Any CPU
		{0CF56D35-16B9-69B7-A1BF-8C145A8B4224}.Debug|Any CPU.Build.0 = Debug|Any CPU
		{0CF56D35-16B9-69B7-A1BF-8C145A8B4224}.Release|Any CPU.ActiveCfg = Release|Any CPU
		{0CF56D35-16B9-69B7-A1BF-8C145A8B4224}.Release|Any CPU.Build.0 = Release|Any CPU
		{F39AB049-8605-25CB-D1C3-963E2B73D11F}.Debug|Any CPU.ActiveCfg = Debug|Any CPU
		{F39AB049-8605-25CB-D1C3-963E2B73D11F}.Debug|Any CPU.Build.0 = Debug|Any CPU
		{F39AB049-8605-25CB-D1C3-963E2B73D11F}.Release|Any CPU.ActiveCfg = Release|Any CPU
		{F39AB049-8605-25CB-D1C3-963E2B73D11F}.Release|Any CPU.Build.0 = Release|Any CPU
		{9671626D-5743-4EBA-724F-A41E00B27319}.Debug|Any CPU.ActiveCfg = Debug|Any CPU
		{9671626D-5743-4EBA-724F-A41E00B27319}.Debug|Any CPU.Build.0 = Debug|Any CPU
		{9671626D-5743-4EBA-724F-A41E00B27319}.Release|Any CPU.ActiveCfg = Release|Any CPU
		{9671626D-5743-4EBA-724F-A41E00B27319}.Release|Any CPU.Build.0 = Release|Any CPU
	EndGlobalSection
	GlobalSection(SolutionProperties) = preSolution
		HideSolutionNode = FALSE
	EndGlobalSection
EndGlobal
